// !$*UTF8*$!
{
	archiveVersion = 1;
	classes = {
	};
	objectVersion = 46;
	objects = {

/* Begin PBXBuildFile section */
		2B5956421F1896100042B4D6 /* main.m in Sources */ = {isa = PBXBuildFile; fileRef = 2B5956411F1896100042B4D6 /* main.m */; };
		2B5956451F1896100042B4D6 /* AppDelegate.m in Sources */ = {isa = PBXBuildFile; fileRef = 2B5956441F1896100042B4D6 /* AppDelegate.m */; };
		2B5956481F1896100042B4D6 /* ViewController.m in Sources */ = {isa = PBXBuildFile; fileRef = 2B5956471F1896100042B4D6 /* ViewController.m */; };
		2B59564B1F1896100042B4D6 /* Main.storyboard in Resources */ = {isa = PBXBuildFile; fileRef = 2B5956491F1896100042B4D6 /* Main.storyboard */; };
		2B59564D1F1896100042B4D6 /* Assets.xcassets in Resources */ = {isa = PBXBuildFile; fileRef = 2B59564C1F1896100042B4D6 /* Assets.xcassets */; };
		2B5956501F1896100042B4D6 /* LaunchScreen.storyboard in Resources */ = {isa = PBXBuildFile; fileRef = 2B59564E1F1896100042B4D6 /* LaunchScreen.storyboard */; };
		2B5956691F189B140042B4D6 /* CoreLocation.framework in Frameworks */ = {isa = PBXBuildFile; fileRef = 2B5956681F189B140042B4D6 /* CoreLocation.framework */; };
		2B59566B1F189B1D0042B4D6 /* QuartzCore.framework in Frameworks */ = {isa = PBXBuildFile; fileRef = 2B59566A1F189B1D0042B4D6 /* QuartzCore.framework */; };
		2B59566D1F189B290042B4D6 /* OpenGLES.framework in Frameworks */ = {isa = PBXBuildFile; fileRef = 2B59566C1F189B290042B4D6 /* OpenGLES.framework */; };
		2B59566F1F189B320042B4D6 /* SystemConfiguration.framework in Frameworks */ = {isa = PBXBuildFile; fileRef = 2B59566E1F189B320042B4D6 /* SystemConfiguration.framework */; };
		2B5956711F189B3D0042B4D6 /* CoreGraphics.framework in Frameworks */ = {isa = PBXBuildFile; fileRef = 2B5956701F189B3D0042B4D6 /* CoreGraphics.framework */; };
		2B5956731F189B490042B4D6 /* Security.framework in Frameworks */ = {isa = PBXBuildFile; fileRef = 2B5956721F189B490042B4D6 /* Security.framework */; };
		2B5956751F189B600042B4D6 /* libsqlite3.0.tbd in Frameworks */ = {isa = PBXBuildFile; fileRef = 2B5956741F189B600042B4D6 /* libsqlite3.0.tbd */; };
		2B5956771F189B6A0042B4D6 /* CoreTelephony.framework in Frameworks */ = {isa = PBXBuildFile; fileRef = 2B5956761F189B6A0042B4D6 /* CoreTelephony.framework */; };
		2B5956791F189B740042B4D6 /* libstdc++.6.0.9.tbd in Frameworks */ = {isa = PBXBuildFile; fileRef = 2B5956781F189B740042B4D6 /* libstdc++.6.0.9.tbd */; };
		2B5956841F18A07E0042B4D6 /* BaiduMapAPI_Base.framework in Frameworks */ = {isa = PBXBuildFile; fileRef = 2B59567E1F18A07E0042B4D6 /* BaiduMapAPI_Base.framework */; };
		2B5956851F18A07E0042B4D6 /* BaiduMapAPI_Location.framework in Frameworks */ = {isa = PBXBuildFile; fileRef = 2B59567F1F18A07E0042B4D6 /* BaiduMapAPI_Location.framework */; };
		2B5956861F18A07E0042B4D6 /* BaiduMapAPI_Map.framework in Frameworks */ = {isa = PBXBuildFile; fileRef = 2B5956801F18A07E0042B4D6 /* BaiduMapAPI_Map.framework */; };
		2B5956871F18A07E0042B4D6 /* BaiduMapAPI_Search.framework in Frameworks */ = {isa = PBXBuildFile; fileRef = 2B5956811F18A07E0042B4D6 /* BaiduMapAPI_Search.framework */; };
		2B5956881F18A07E0042B4D6 /* BaiduMapAPI_Utils.framework in Frameworks */ = {isa = PBXBuildFile; fileRef = 2B5956821F18A07E0042B4D6 /* BaiduMapAPI_Utils.framework */; };
		2B5956891F18A07E0042B4D6 /* thirdlibs in Resources */ = {isa = PBXBuildFile; fileRef = 2B5956831F18A07E0042B4D6 /* thirdlibs */; };
		2B59568B1F18A0CA0042B4D6 /* libcrypto.a in Frameworks */ = {isa = PBXBuildFile; fileRef = 2B59568A1F18A0CA0042B4D6 /* libcrypto.a */; };
		2B59568D1F18A0D50042B4D6 /* libssl.a in Frameworks */ = {isa = PBXBuildFile; fileRef = 2B59568C1F18A0D50042B4D6 /* libssl.a */; };
		2B5956901F18A2BA0042B4D6 /* MapViewController.m in Sources */ = {isa = PBXBuildFile; fileRef = 2B59568F1F18A2BA0042B4D6 /* MapViewController.m */; };
		2BE60B841F1F02B200EFFB6D /* mapapi.bundle in Resources */ = {isa = PBXBuildFile; fileRef = 2BE60B831F1F02B200EFFB6D /* mapapi.bundle */; };
/* End PBXBuildFile section */

/* Begin PBXFileReference section */
		2B59563D1F1896100042B4D6 /* IOSMapDemo.app */ = {isa = PBXFileReference; explicitFileType = wrapper.application; includeInIndex = 0; path = IOSMapDemo.app; sourceTree = BUILT_PRODUCTS_DIR; };
		2B5956411F1896100042B4D6 /* main.m */ = {isa = PBXFileReference; lastKnownFileType = sourcecode.c.objc; path = main.m; sourceTree = "<group>"; };
		2B5956431F1896100042B4D6 /* AppDelegate.h */ = {isa = PBXFileReference; lastKnownFileType = sourcecode.c.h; path = AppDelegate.h; sourceTree = "<group>"; };
		2B5956441F1896100042B4D6 /* AppDelegate.m */ = {isa = PBXFileReference; lastKnownFileType = sourcecode.c.objc; path = AppDelegate.m; sourceTree = "<group>"; };
		2B5956461F1896100042B4D6 /* ViewController.h */ = {isa = PBXFileReference; lastKnownFileType = sourcecode.c.h; path = ViewController.h; sourceTree = "<group>"; };
		2B5956471F1896100042B4D6 /* ViewController.m */ = {isa = PBXFileReference; lastKnownFileType = sourcecode.c.objc; path = ViewController.m; sourceTree = "<group>"; };
		2B59564A1F1896100042B4D6 /* Base */ = {isa = PBXFileReference; lastKnownFileType = file.storyboard; name = Base; path = Base.lproj/Main.storyboard; sourceTree = "<group>"; };
		2B59564C1F1896100042B4D6 /* Assets.xcassets */ = {isa = PBXFileReference; lastKnownFileType = folder.assetcatalog; path = Assets.xcassets; sourceTree = "<group>"; };
		2B59564F1F1896100042B4D6 /* Base */ = {isa = PBXFileReference; lastKnownFileType = file.storyboard; name = Base; path = Base.lproj/LaunchScreen.storyboard; sourceTree = "<group>"; };
		2B5956511F1896100042B4D6 /* Info.plist */ = {isa = PBXFileReference; lastKnownFileType = text.plist.xml; path = Info.plist; sourceTree = "<group>"; };
		2B5956681F189B140042B4D6 /* CoreLocation.framework */ = {isa = PBXFileReference; lastKnownFileType = wrapper.framework; name = CoreLocation.framework; path = System/Library/Frameworks/CoreLocation.framework; sourceTree = SDKROOT; };
		2B59566A1F189B1D0042B4D6 /* QuartzCore.framework */ = {isa = PBXFileReference; lastKnownFileType = wrapper.framework; name = QuartzCore.framework; path = System/Library/Frameworks/QuartzCore.framework; sourceTree = SDKROOT; };
		2B59566C1F189B290042B4D6 /* OpenGLES.framework */ = {isa = PBXFileReference; lastKnownFileType = wrapper.framework; name = OpenGLES.framework; path = System/Library/Frameworks/OpenGLES.framework; sourceTree = SDKROOT; };
		2B59566E1F189B320042B4D6 /* SystemConfiguration.framework */ = {isa = PBXFileReference; lastKnownFileType = wrapper.framework; name = SystemConfiguration.framework; path = System/Library/Frameworks/SystemConfiguration.framework; sourceTree = SDKROOT; };
		2B5956701F189B3D0042B4D6 /* CoreGraphics.framework */ = {isa = PBXFileReference; lastKnownFileType = wrapper.framework; name = CoreGraphics.framework; path = System/Library/Frameworks/CoreGraphics.framework; sourceTree = SDKROOT; };
		2B5956721F189B490042B4D6 /* Security.framework */ = {isa = PBXFileReference; lastKnownFileType = wrapper.framework; name = Security.framework; path = System/Library/Frameworks/Security.framework; sourceTree = SDKROOT; };
		2B5956741F189B600042B4D6 /* libsqlite3.0.tbd */ = {isa = PBXFileReference; lastKnownFileType = "sourcecode.text-based-dylib-definition"; name = libsqlite3.0.tbd; path = usr/lib/libsqlite3.0.tbd; sourceTree = SDKROOT; };
		2B5956761F189B6A0042B4D6 /* CoreTelephony.framework */ = {isa = PBXFileReference; lastKnownFileType = wrapper.framework; name = CoreTelephony.framework; path = System/Library/Frameworks/CoreTelephony.framework; sourceTree = SDKROOT; };
		2B5956781F189B740042B4D6 /* libstdc++.6.0.9.tbd */ = {isa = PBXFileReference; lastKnownFileType = "sourcecode.text-based-dylib-definition"; name = "libstdc++.6.0.9.tbd"; path = "usr/lib/libstdc++.6.0.9.tbd"; sourceTree = SDKROOT; };
		2B59567E1F18A07E0042B4D6 /* BaiduMapAPI_Base.framework */ = {isa = PBXFileReference; lastKnownFileType = wrapper.framework; path = BaiduMapAPI_Base.framework; sourceTree = "<group>"; };
		2B59567F1F18A07E0042B4D6 /* BaiduMapAPI_Location.framework */ = {isa = PBXFileReference; lastKnownFileType = wrapper.framework; path = BaiduMapAPI_Location.framework; sourceTree = "<group>"; };
		2B5956801F18A07E0042B4D6 /* BaiduMapAPI_Map.framework */ = {isa = PBXFileReference; lastKnownFileType = wrapper.framework; path = BaiduMapAPI_Map.framework; sourceTree = "<group>"; };
		2B5956811F18A07E0042B4D6 /* BaiduMapAPI_Search.framework */ = {isa = PBXFileReference; lastKnownFileType = wrapper.framework; path = BaiduMapAPI_Search.framework; sourceTree = "<group>"; };
		2B5956821F18A07E0042B4D6 /* BaiduMapAPI_Utils.framework */ = {isa = PBXFileReference; lastKnownFileType = wrapper.framework; path = BaiduMapAPI_Utils.framework; sourceTree = "<group>"; };
		2B5956831F18A07E0042B4D6 /* thirdlibs */ = {isa = PBXFileReference; lastKnownFileType = folder; path = thirdlibs; sourceTree = "<group>"; };
		2B59568A1F18A0CA0042B4D6 /* libcrypto.a */ = {isa = PBXFileReference; lastKnownFileType = archive.ar; name = libcrypto.a; path = thirdlibs/libcrypto.a; sourceTree = "<group>"; };
		2B59568C1F18A0D50042B4D6 /* libssl.a */ = {isa = PBXFileReference; lastKnownFileType = archive.ar; name = libssl.a; path = thirdlibs/libssl.a; sourceTree = "<group>"; };
		2B59568E1F18A2BA0042B4D6 /* MapViewController.h */ = {isa = PBXFileReference; fileEncoding = 4; lastKnownFileType = sourcecode.c.h; name = MapViewController.h; path = ../MapViewController.h; sourceTree = "<group>"; };
		2B59568F1F18A2BA0042B4D6 /* MapViewController.m */ = {isa = PBXFileReference; fileEncoding = 4; lastKnownFileType = sourcecode.c.objc; name = MapViewController.m; path = ../MapViewController.m; sourceTree = "<group>"; };
		2BE60B831F1F02B200EFFB6D /* mapapi.bundle */ = {isa = PBXFileReference; lastKnownFileType = "wrapper.plug-in"; name = mapapi.bundle; path = ../../Desktop/BaiduMap_IOSSDK_v3.3.2_Lib/BaiduMapAPI_Map.framework/Resources/mapapi.bundle; sourceTree = "<group>"; };
/* End PBXFileReference section */

/* Begin PBXFrameworksBuildPhase section */
		2B59563A1F1896100042B4D6 /* Frameworks */ = {
			isa = PBXFrameworksBuildPhase;
			buildActionMask = 2147483647;
			files = (
				2B59568D1F18A0D50042B4D6 /* libssl.a in Frameworks */,
				2B59568B1F18A0CA0042B4D6 /* libcrypto.a in Frameworks */,
				2B5956791F189B740042B4D6 /* libstdc++.6.0.9.tbd in Frameworks */,
				2B5956771F189B6A0042B4D6 /* CoreTelephony.framework in Frameworks */,
				2B5956751F189B600042B4D6 /* libsqlite3.0.tbd in Frameworks */,
				2B5956731F189B490042B4D6 /* Security.framework in Frameworks */,
				2B5956711F189B3D0042B4D6 /* CoreGraphics.framework in Frameworks */,
				2B5956841F18A07E0042B4D6 /* BaiduMapAPI_Base.framework in Frameworks */,
				2B5956881F18A07E0042B4D6 /* BaiduMapAPI_Utils.framework in Frameworks */,
				2B59566F1F189B320042B4D6 /* SystemConfiguration.framework in Frameworks */,
				2B59566D1F189B290042B4D6 /* OpenGLES.framework in Frameworks */,
				2B5956871F18A07E0042B4D6 /* BaiduMapAPI_Search.framework in Frameworks */,
				2B59566B1F189B1D0042B4D6 /* QuartzCore.framework in Frameworks */,
				2B5956851F18A07E0042B4D6 /* BaiduMapAPI_Location.framework in Frameworks */,
				2B5956691F189B140042B4D6 /* CoreLocation.framework in Frameworks */,
				2B5956861F18A07E0042B4D6 /* BaiduMapAPI_Map.framework in Frameworks */,
			);
			runOnlyForDeploymentPostprocessing = 0;
		};
/* End PBXFrameworksBuildPhase section */

/* Begin PBXGroup section */
		2B5956341F1896100042B4D6 = {
			isa = PBXGroup;
			children = (
				2BE60B831F1F02B200EFFB6D /* mapapi.bundle */,
				2B59563F1F1896100042B4D6 /* IOSMapDemo */,
				2B59563E1F1896100042B4D6 /* Products */,
				2B5956671F189B140042B4D6 /* Frameworks */,
			);
			sourceTree = "<group>";
		};
		2B59563E1F1896100042B4D6 /* Products */ = {
			isa = PBXGroup;
			children = (
				2B59563D1F1896100042B4D6 /* IOSMapDemo.app */,
			);
			name = Products;
			sourceTree = "<group>";
		};
		2B59563F1F1896100042B4D6 /* IOSMapDemo */ = {
			isa = PBXGroup;
			children = (
				2B59568E1F18A2BA0042B4D6 /* MapViewController.h */,
				2B59568F1F18A2BA0042B4D6 /* MapViewController.m */,
				2B5956431F1896100042B4D6 /* AppDelegate.h */,
				2B5956441F1896100042B4D6 /* AppDelegate.m */,
				2B5956461F1896100042B4D6 /* ViewController.h */,
				2B5956471F1896100042B4D6 /* ViewController.m */,
				2B5956491F1896100042B4D6 /* Main.storyboard */,
				2B59564C1F1896100042B4D6 /* Assets.xcassets */,
				2B59564E1F1896100042B4D6 /* LaunchScreen.storyboard */,
				2B5956511F1896100042B4D6 /* Info.plist */,
				2B5956401F1896100042B4D6 /* Supporting Files */,
			);
			path = IOSMapDemo;
			sourceTree = "<group>";
		};
		2B5956401F1896100042B4D6 /* Supporting Files */ = {
			isa = PBXGroup;
			children = (
				2B5956411F1896100042B4D6 /* main.m */,
			);
			name = "Supporting Files";
			sourceTree = "<group>";
		};
		2B5956671F189B140042B4D6 /* Frameworks */ = {
			isa = PBXGroup;
			children = (
				2B59568C1F18A0D50042B4D6 /* libssl.a */,
				2B59568A1F18A0CA0042B4D6 /* libcrypto.a */,
				2B59567E1F18A07E0042B4D6 /* BaiduMapAPI_Base.framework */,
				2B59567F1F18A07E0042B4D6 /* BaiduMapAPI_Location.framework */,
				2B5956801F18A07E0042B4D6 /* BaiduMapAPI_Map.framework */,
				2B5956811F18A07E0042B4D6 /* BaiduMapAPI_Search.framework */,
				2B5956821F18A07E0042B4D6 /* BaiduMapAPI_Utils.framework */,
				2B5956831F18A07E0042B4D6 /* thirdlibs */,
				2B5956781F189B740042B4D6 /* libstdc++.6.0.9.tbd */,
				2B5956761F189B6A0042B4D6 /* CoreTelephony.framework */,
				2B5956741F189B600042B4D6 /* libsqlite3.0.tbd */,
				2B5956721F189B490042B4D6 /* Security.framework */,
				2B5956701F189B3D0042B4D6 /* CoreGraphics.framework */,
				2B59566E1F189B320042B4D6 /* SystemConfiguration.framework */,
				2B59566C1F189B290042B4D6 /* OpenGLES.framework */,
				2B59566A1F189B1D0042B4D6 /* QuartzCore.framework */,
				2B5956681F189B140042B4D6 /* CoreLocation.framework */,
			);
			name = Frameworks;
			sourceTree = "<group>";
		};
/* End PBXGroup section */

/* Begin PBXNativeTarget section */
		2B59563C1F1896100042B4D6 /* IOSMapDemo */ = {
			isa = PBXNativeTarget;
			buildConfigurationList = 2B5956541F1896110042B4D6 /* Build configuration list for PBXNativeTarget "IOSMapDemo" */;
			buildPhases = (
				2B5956391F1896100042B4D6 /* Sources */,
				2B59563A1F1896100042B4D6 /* Frameworks */,
				2B59563B1F1896100042B4D6 /* Resources */,
			);
			buildRules = (
			);
			dependencies = (
			);
			name = IOSMapDemo;
			productName = IOSMapDemo;
			productReference = 2B59563D1F1896100042B4D6 /* IOSMapDemo.app */;
			productType = "com.apple.product-type.application";
		};
/* End PBXNativeTarget section */

/* Begin PBXProject section */
		2B5956351F1896100042B4D6 /* Project object */ = {
			isa = PBXProject;
			attributes = {
				LastUpgradeCheck = 0830;
				ORGANIZATIONNAME = XHVR;
				TargetAttributes = {
					2B59563C1F1896100042B4D6 = {
						CreatedOnToolsVersion = 8.3.2;
						ProvisioningStyle = Automatic;
					};
				};
			};
			buildConfigurationList = 2B5956381F1896100042B4D6 /* Build configuration list for PBXProject "IOSMapDemo" */;
			compatibilityVersion = "Xcode 3.2";
			developmentRegion = English;
			hasScannedForEncodings = 0;
			knownRegions = (
				en,
				Base,
			);
			mainGroup = 2B5956341F1896100042B4D6;
			productRefGroup = 2B59563E1F1896100042B4D6 /* Products */;
			projectDirPath = "";
			projectRoot = "";
			targets = (
				2B59563C1F1896100042B4D6 /* IOSMapDemo */,
			);
		};
/* End PBXProject section */

/* Begin PBXResourcesBuildPhase section */
		2B59563B1F1896100042B4D6 /* Resources */ = {
			isa = PBXResourcesBuildPhase;
			buildActionMask = 2147483647;
			files = (
				2B5956501F1896100042B4D6 /* LaunchScreen.storyboard in Resources */,
				2BE60B841F1F02B200EFFB6D /* mapapi.bundle in Resources */,
				2B59564D1F1896100042B4D6 /* Assets.xcassets in Resources */,
				2B59564B1F1896100042B4D6 /* Main.storyboard in Resources */,
				2B5956891F18A07E0042B4D6 /* thirdlibs in Resources */,
			);
			runOnlyForDeploymentPostprocessing = 0;
		};
/* End PBXResourcesBuildPhase section */

/* Begin PBXSourcesBuildPhase section */
		2B5956391F1896100042B4D6 /* Sources */ = {
			isa = PBXSourcesBuildPhase;
			buildActionMask = 2147483647;
			files = (
				2B5956481F1896100042B4D6 /* ViewController.m in Sources */,
				2B5956451F1896100042B4D6 /* AppDelegate.m in Sources */,
				2B5956421F1896100042B4D6 /* main.m in Sources */,
				2B5956901F18A2BA0042B4D6 /* MapViewController.m in Sources */,
			);
			runOnlyForDeploymentPostprocessing = 0;
		};
/* End PBXSourcesBuildPhase section */

/* Begin PBXVariantGroup section */
		2B5956491F1896100042B4D6 /* Main.storyboard */ = {
			isa = PBXVariantGroup;
			children = (
				2B59564A1F1896100042B4D6 /* Base */,
			);
			name = Main.storyboard;
			sourceTree = "<group>";
		};
		2B59564E1F1896100042B4D6 /* LaunchScreen.storyboard */ = {
			isa = PBXVariantGroup;
			children = (
				2B59564F1F1896100042B4D6 /* Base */,
			);
			name = LaunchScreen.storyboard;
			sourceTree = "<group>";
		};
/* End PBXVariantGroup section */

/* Begin XCBuildConfiguration section */
		2B5956521F1896100042B4D6 /* Debug */ = {
			isa = XCBuildConfiguration;
			buildSettings = {
				ALWAYS_SEARCH_USER_PATHS = NO;
				CLANG_ANALYZER_NONNULL = YES;
				CLANG_ANALYZER_NUMBER_OBJECT_CONVERSION = YES_AGGRESSIVE;
				CLANG_CXX_LANGUAGE_STANDARD = "gnu++0x";
				CLANG_CXX_LIBRARY = "libc++";
				CLANG_ENABLE_MODULES = YES;
				CLANG_ENABLE_OBJC_ARC = YES;
				CLANG_WARN_BOOL_CONVERSION = YES;
				CLANG_WARN_CONSTANT_CONVERSION = YES;
				CLANG_WARN_DIRECT_OBJC_ISA_USAGE = YES_ERROR;
				CLANG_WARN_DOCUMENTATION_COMMENTS = YES;
				CLANG_WARN_EMPTY_BODY = YES;
				CLANG_WARN_ENUM_CONVERSION = YES;
				CLANG_WARN_INFINITE_RECURSION = YES;
				CLANG_WARN_INT_CONVERSION = YES;
				CLANG_WARN_OBJC_ROOT_CLASS = YES_ERROR;
				CLANG_WARN_SUSPICIOUS_MOVE = YES;
				CLANG_WARN_UNREACHABLE_CODE = YES;
				CLANG_WARN__DUPLICATE_METHOD_MATCH = YES;
				"CODE_SIGN_IDENTITY[sdk=iphoneos*]" = "iPhone Developer";
				COPY_PHASE_STRIP = NO;
				DEBUG_INFORMATION_FORMAT = dwarf;
				ENABLE_STRICT_OBJC_MSGSEND = YES;
				ENABLE_TESTABILITY = YES;
				GCC_C_LANGUAGE_STANDARD = gnu99;
				GCC_DYNAMIC_NO_PIC = NO;
				GCC_NO_COMMON_BLOCKS = YES;
				GCC_OPTIMIZATION_LEVEL = 0;
				GCC_PREPROCESSOR_DEFINITIONS = (
					"DEBUG=1",
					"$(inherited)",
				);
				GCC_WARN_64_TO_32_BIT_CONVERSION = YES;
				GCC_WARN_ABOUT_RETURN_TYPE = YES_ERROR;
				GCC_WARN_UNDECLARED_SELECTOR = YES;
				GCC_WARN_UNINITIALIZED_AUTOS = YES_AGGRESSIVE;
				GCC_WARN_UNUSED_FUNCTION = YES;
				GCC_WARN_UNUSED_VARIABLE = YES;
				IPHONEOS_DEPLOYMENT_TARGET = 10.3;
				MTL_ENABLE_DEBUG_INFO = YES;
				ONLY_ACTIVE_ARCH = YES;
				SDKROOT = iphoneos;
			};
			name = Debug;
		};
		2B5956531F1896100042B4D6 /* Release */ = {
			isa = XCBuildConfiguration;
			buildSettings = {
				ALWAYS_SEARCH_USER_PATHS = NO;
				CLANG_ANALYZER_NONNULL = YES;
				CLANG_ANALYZER_NUMBER_OBJECT_CONVERSION = YES_AGGRESSIVE;
				CLANG_CXX_LANGUAGE_STANDARD = "gnu++0x";
				CLANG_CXX_LIBRARY = "libc++";
				CLANG_ENABLE_MODULES = YES;
				CLANG_ENABLE_OBJC_ARC = YES;
				CLANG_WARN_BOOL_CONVERSION = YES;
				CLANG_WARN_CONSTANT_CONVERSION = YES;
				CLANG_WARN_DIRECT_OBJC_ISA_USAGE = YES_ERROR;
				CLANG_WARN_DOCUMENTATION_COMMENTS = YES;
				CLANG_WARN_EMPTY_BODY = YES;
				CLANG_WARN_ENUM_CONVERSION = YES;
				CLANG_WARN_INFINITE_RECURSION = YES;
				CLANG_WARN_INT_CONVERSION = YES;
				CLANG_WARN_OBJC_ROOT_CLASS = YES_ERROR;
				CLANG_WARN_SUSPICIOUS_MOVE = YES;
				CLANG_WARN_UNREACHABLE_CODE = YES;
				CLANG_WARN__DUPLICATE_METHOD_MATCH = YES;
				"CODE_SIGN_IDENTITY[sdk=iphoneos*]" = "iPhone Developer";
				COPY_PHASE_STRIP = NO;
				DEBUG_INFORMATION_FORMAT = "dwarf-with-dsym";
				ENABLE_NS_ASSERTIONS = NO;
				ENABLE_STRICT_OBJC_MSGSEND = YES;
				GCC_C_LANGUAGE_STANDARD = gnu99;
				GCC_NO_COMMON_BLOCKS = YES;
				GCC_WARN_64_TO_32_BIT_CONVERSION = YES;
				GCC_WARN_ABOUT_RETURN_TYPE = YES_ERROR;
				GCC_WARN_UNDECLARED_SELECTOR = YES;
				GCC_WARN_UNINITIALIZED_AUTOS = YES_AGGRESSIVE;
				GCC_WARN_UNUSED_FUNCTION = YES;
				GCC_WARN_UNUSED_VARIABLE = YES;
				IPHONEOS_DEPLOYMENT_TARGET = 10.3;
				MTL_ENABLE_DEBUG_INFO = NO;
				SDKROOT = iphoneos;
				VALIDATE_PRODUCT = YES;
			};
			name = Release;
		};
		2B5956551F1896110042B4D6 /* Debug */ = {
			isa = XCBuildConfiguration;
			buildSettings = {
				ASSETCATALOG_COMPILER_APPICON_NAME = AppIcon;
				FRAMEWORK_SEARCH_PATHS = (
					"$(inherited)",
					"$(PROJECT_DIR)",
				);
				GCC_INPUT_FILETYPE = automatic;
				INFOPLIST_FILE = IOSMapDemo/Info.plist;
				IPHONEOS_DEPLOYMENT_TARGET = 8.0;
				LD_RUNPATH_SEARCH_PATHS = "$(inherited) @executable_path/Frameworks";
				LIBRARY_SEARCH_PATHS = (
					"$(inherited)",
					"$(PROJECT_DIR)/thirdlibs",
				);
				OTHER_LDFLAGS = "";
				PRODUCT_BUNDLE_IDENTIFIER = com.mdg.IOSMapDemo;
				PRODUCT_NAME = "$(TARGET_NAME)";
			};
			name = Debug;
		};
		2B5956561F1896110042B4D6 /* Release */ = {
			isa = XCBuildConfiguration;
			buildSettings = {
				ASSETCATALOG_COMPILER_APPICON_NAME = AppIcon;
				FRAMEWORK_SEARCH_PATHS = (
					"$(inherited)",
					"$(PROJECT_DIR)",
				);
				GCC_INPUT_FILETYPE = automatic;
				INFOPLIST_FILE = IOSMapDemo/Info.plist;
				IPHONEOS_DEPLOYMENT_TARGET = 8.0;
				LD_RUNPATH_SEARCH_PATHS = "$(inherited) @executable_path/Frameworks";
				LIBRARY_SEARCH_PATHS = (
					"$(inherited)",
					"$(PROJECT_DIR)/thirdlibs",
				);
				OTHER_LDFLAGS = "";
				PRODUCT_BUNDLE_IDENTIFIER = com.mdg.IOSMapDemo;
				PRODUCT_NAME = "$(TARGET_NAME)";
			};
			name = Release;
		};
/* End XCBuildConfiguration section */

/* Begin XCConfigurationList section */
		2B5956381F1896100042B4D6 /* Build configuration list for PBXProject "IOSMapDemo" */ = {
			isa = XCConfigurationList;
			buildConfigurations = (
				2B5956521F1896100042B4D6 /* Debug */,
				2B5956531F1896100042B4D6 /* Release */,
			);
			defaultConfigurationIsVisible = 0;
			defaultConfigurationName = Release;
		};
		2B5956541F1896110042B4D6 /* Build configuration list for PBXNativeTarget "IOSMapDemo" */ = {
			isa = XCConfigurationList;
			buildConfigurations = (
				2B5956551F1896110042B4D6 /* Debug */,
				2B5956561F1896110042B4D6 /* Release */,
			);
			defaultConfigurationIsVisible = 0;
			defaultConfigurationName = Release;
		};
/* End XCConfigurationList section */
	};
	rootObject = 2B5956351F1896100042B4D6 /* Project object */;
}
